
Microsoft Visual Studio Solution File, Format Version 12.00
# Visual Studio Version 16
VisualStudioVersion = 16.0.29215.179
MinimumVisualStudioVersion = 10.0.40219.1
Project("{8BC9CEB8-8B4A-11D0-8D11-00A0C91BC942}") = "MyProjectMFC", "MyProjectMFC\MyProjectMFC.vcxproj", "{48DA957A-DCEA-4835-BCDF-5B0EC95D9995}"
EndProject
Global
	GlobalSection(SolutionConfigurationPlatforms) = preSolution
		Debug|x64 = Debug|x64
		Debug|x86 = Debug|x86
		Release|x64 = Release|x64
		Release|x86 = Release|x86
	EndGlobalSection
	GlobalSection(ProjectConfigurationPlatforms) = postSolution
		{48DA957A-DCEA-4835-BCDF-5B0EC95D9995}.Debug|x64.ActiveCfg = Debug|x64
		{48DA957A-DCEA-4835-BCDF-5B0EC95D9995}.Debug|x64.Build.0 = Debug|x64
		{48DA957A-DCEA-4835-BCDF-5B0EC95D9995}.Debug|x86.ActiveCfg = Debug|Win32
		{48DA957A-DCEA-4835-BCDF-5B0EC95D9995}.Debug|x86.Build.0 = Debug|Win32
		{48DA957A-DCEA-4835-BCDF-5B0EC95D9995}.Release|x64.ActiveCfg = Release|x64
		{48DA957A-DCEA-4835-BCDF-5B0EC95D9995}.Release|x64.Build.0 = Release|x64
		{48DA957A-DCEA-4835-BCDF-5B0EC95D9995}.Release|x86.ActiveCfg = Release|Win32
		{48DA957A-DCEA-4835-BCDF-5B0EC95D9995}.Release|x86.Build.0 = Release|Win32
	EndGlobalSection
	GlobalSection(SolutionProperties) = preSolution
		HideSolutionNode = FALSE
	EndGlobalSection
	GlobalSection(ExtensibilityGlobals) = postSolution
		SolutionGuid = {E8E8E109-6C5C-440E-8787-F608430F89FD}
	EndGlobalSection
EndGlobal
